
Microsoft Visual Studio Solution File, Format Version 12.00
# Visual Studio 2013
VisualStudioVersion = 12.0.21005.1
MinimumVisualStudioVersion = 10.0.40219.1
Project("{8BC9CEB8-8B4A-11D0-8D11-00A0C91BC942}") = "WXY", "WXY\WXY.vcxproj", "{06590513-8928-4FF1-B122-B50F1716F0BC}"
EndProject
Project("{8BC9CEB8-8B4A-11D0-8D11-00A0C91BC942}") = "ZCY", "ZCY\ZCY.vcxproj", "{2B34E235-A500-464F-A089-0CE49EF4EF0D}"
EndProject
Project("{8BC9CEB8-8B4A-11D0-8D11-00A0C91BC942}") = "SRS", "SRS\SRS.vcxproj", "{1976CB98-3F0D-4000-B550-6EBC82568146}"
EndProject
Project("{8BC9CEB8-8B4A-11D0-8D11-00A0C91BC942}") = "codewar", "codewar\codewar.vcxproj", "{4F54EB29-BAD1-4ADA-B28D-AEBB723F0CAF}"
EndProject
Project("{8BC9CEB8-8B4A-11D0-8D11-00A0C91BC942}") = "yao_test", "yao_test\yao_test.vcxproj", "{958C47D9-18EC-4553-8029-E0C35EEAC9D0}"
EndProject
Project("{8BC9CEB8-8B4A-11D0-8D11-00A0C91BC942}") = "hard_tests", "hard_tests\hard_tests.vcxproj", "{D456B643-0E27-435E-9583-37DB70411404}"
EndProject
Project("{2150E333-8FDC-42A3-9474-1A3956D46DE8}") = "cs", "cs", "{3AFD3A63-157C-43FC-8C45-1D5719025817}"
EndProject
Project("{FAE04EC0-301F-11D3-BF4B-00C04F79EFBC}") = "CSTEST", "WindowsFormsApplication1\CSTEST.csproj", "{13A6F0C3-D8AA-4D44-818B-33849435276D}"
EndProject
Global
	GlobalSection(SolutionConfigurationPlatforms) = preSolution
		Debug|Any CPU = Debug|Any CPU
		Debug|Mixed Platforms = Debug|Mixed Platforms
		Debug|Win32 = Debug|Win32
		Release|Any CPU = Release|Any CPU
		Release|Mixed Platforms = Release|Mixed Platforms
		Release|Win32 = Release|Win32
	EndGlobalSection
	GlobalSection(ProjectConfigurationPlatforms) = postSolution
		{06590513-8928-4FF1-B122-B50F1716F0BC}.Debug|Any CPU.ActiveCfg = Debug|Win32
		{06590513-8928-4FF1-B122-B50F1716F0BC}.Debug|Mixed Platforms.ActiveCfg = Debug|Win32
		{06590513-8928-4FF1-B122-B50F1716F0BC}.Debug|Mixed Platforms.Build.0 = Debug|Win32
		{06590513-8928-4FF1-B122-B50F1716F0BC}.Debug|Win32.ActiveCfg = Debug|Win32
		{06590513-8928-4FF1-B122-B50F1716F0BC}.Debug|Win32.Build.0 = Debug|Win32
		{06590513-8928-4FF1-B122-B50F1716F0BC}.Release|Any CPU.ActiveCfg = Release|Win32
		{06590513-8928-4FF1-B122-B50F1716F0BC}.Release|Mixed Platforms.ActiveCfg = Release|Win32
		{06590513-8928-4FF1-B122-B50F1716F0BC}.Release|Mixed Platforms.Build.0 = Release|Win32
		{06590513-8928-4FF1-B122-B50F1716F0BC}.Release|Win32.ActiveCfg = Release|Win32
		{06590513-8928-4FF1-B122-B50F1716F0BC}.Release|Win32.Build.0 = Release|Win32
		{2B34E235-A500-464F-A089-0CE49EF4EF0D}.Debug|Any CPU.ActiveCfg = Debug|Win32
		{2B34E235-A500-464F-A089-0CE49EF4EF0D}.Debug|Mixed Platforms.ActiveCfg = Debug|Win32
		{2B34E235-A500-464F-A089-0CE49EF4EF0D}.Debug|Mixed Platforms.Build.0 = Debug|Win32
		{2B34E235-A500-464F-A089-0CE49EF4EF0D}.Debug|Win32.ActiveCfg = Debug|Win32
		{2B34E235-A500-464F-A089-0CE49EF4EF0D}.Debug|Win32.Build.0 = Debug|Win32
		{2B34E235-A500-464F-A089-0CE49EF4EF0D}.Release|Any CPU.ActiveCfg = Release|Win32
		{2B34E235-A500-464F-A089-0CE49EF4EF0D}.Release|Mixed Platforms.ActiveCfg = Release|Win32
		{2B34E235-A500-464F-A089-0CE49EF4EF0D}.Release|Mixed Platforms.Build.0 = Release|Win32
		{2B34E235-A500-464F-A089-0CE49EF4EF0D}.Release|Win32.ActiveCfg = Release|Win32
		{2B34E235-A500-464F-A089-0CE49EF4EF0D}.Release|Win32.Build.0 = Release|Win32
		{1976CB98-3F0D-4000-B550-6EBC82568146}.Debug|Any CPU.ActiveCfg = Debug|Win32
		{1976CB98-3F0D-4000-B550-6EBC82568146}.Debug|Mixed Platforms.ActiveCfg = Debug|Win32
		{1976CB98-3F0D-4000-B550-6EBC82568146}.Debug|Mixed Platforms.Build.0 = Debug|Win32
		{1976CB98-3F0D-4000-B550-6EBC82568146}.Debug|Win32.ActiveCfg = Debug|Win32
		{1976CB98-3F0D-4000-B550-6EBC82568146}.Debug|Win32.Build.0 = Debug|Win32
		{1976CB98-3F0D-4000-B550-6EBC82568146}.Release|Any CPU.ActiveCfg = Release|Win32
		{1976CB98-3F0D-4000-B550-6EBC82568146}.Release|Mixed Platforms.ActiveCfg = Release|Win32
		{1976CB98-3F0D-4000-B550-6EBC82568146}.Release|Mixed Platforms.Build.0 = Release|Win32
		{1976CB98-3F0D-4000-B550-6EBC82568146}.Release|Win32.ActiveCfg = Release|Win32
		{1976CB98-3F0D-4000-B550-6EBC82568146}.Release|Win32.Build.0 = Release|Win32
		{4F54EB29-BAD1-4ADA-B28D-AEBB723F0CAF}.Debug|Any CPU.ActiveCfg = Debug|Win32
		{4F54EB29-BAD1-4ADA-B28D-AEBB723F0CAF}.Debug|Mixed Platforms.ActiveCfg = Debug|Win32
		{4F54EB29-BAD1-4ADA-B28D-AEBB723F0CAF}.Debug|Mixed Platforms.Build.0 = Debug|Win32
		{4F54EB29-BAD1-4ADA-B28D-AEBB723F0CAF}.Debug|Win32.ActiveCfg = Debug|Win32
		{4F54EB29-BAD1-4ADA-B28D-AEBB723F0CAF}.Debug|Win32.Build.0 = Debug|Win32
		{4F54EB29-BAD1-4ADA-B28D-AEBB723F0CAF}.Release|Any CPU.ActiveCfg = Release|Win32
		{4F54EB29-BAD1-4ADA-B28D-AEBB723F0CAF}.Release|Mixed Platforms.ActiveCfg = Release|Win32
		{4F54EB29-BAD1-4ADA-B28D-AEBB723F0CAF}.Release|Mixed Platforms.Build.0 = Release|Win32
		{4F54EB29-BAD1-4ADA-B28D-AEBB723F0CAF}.Release|Win32.ActiveCfg = Release|Win32
		{4F54EB29-BAD1-4ADA-B28D-AEBB723F0CAF}.Release|Win32.Build.0 = Release|Win32
		{958C47D9-18EC-4553-8029-E0C35EEAC9D0}.Debug|Any CPU.ActiveCfg = Debug|Win32
		{958C47D9-18EC-4553-8029-E0C35EEAC9D0}.Debug|Mixed Platforms.ActiveCfg = Debug|Win32
		{958C47D9-18EC-4553-8029-E0C35EEAC9D0}.Debug|Mixed Platforms.Build.0 = Debug|Win32
		{958C47D9-18EC-4553-8029-E0C35EEAC9D0}.Debug|Win32.ActiveCfg = Debug|Win32
		{958C47D9-18EC-4553-8029-E0C35EEAC9D0}.Debug|Win32.Build.0 = Debug|Win32
		{958C47D9-18EC-4553-8029-E0C35EEAC9D0}.Release|Any CPU.ActiveCfg = Release|Win32
		{958C47D9-18EC-4553-8029-E0C35EEAC9D0}.Release|Mixed Platforms.ActiveCfg = Release|Win32
		{958C47D9-18EC-4553-8029-E0C35EEAC9D0}.Release|Mixed Platforms.Build.0 = Release|Win32
		{958C47D9-18EC-4553-8029-E0C35EEAC9D0}.Release|Win32.ActiveCfg = Release|Win32
		{958C47D9-18EC-4553-8029-E0C35EEAC9D0}.Release|Win32.Build.0 = Release|Win32
		{D456B643-0E27-435E-9583-37DB70411404}.Debug|Any CPU.ActiveCfg = Debug|Win32
		{D456B643-0E27-435E-9583-37DB70411404}.Debug|Mixed Platforms.ActiveCfg = Debug|Win32
		{D456B643-0E27-435E-9583-37DB70411404}.Debug|Mixed Platforms.Build.0 = Debug|Win32
		{D456B643-0E27-435E-9583-37DB70411404}.Debug|Win32.ActiveCfg = Debug|Win32
		{D456B643-0E27-435E-9583-37DB70411404}.Debug|Win32.Build.0 = Debug|Win32
		{D456B643-0E27-435E-9583-37DB70411404}.Release|Any CPU.ActiveCfg = Release|Win32
		{D456B643-0E27-435E-9583-37DB70411404}.Release|Mixed Platforms.ActiveCfg = Release|Win32
		{D456B643-0E27-435E-9583-37DB70411404}.Release|Mixed Platforms.Build.0 = Release|Win32
		{D456B643-0E27-435E-9583-37DB70411404}.Release|Win32.ActiveCfg = Release|Win32
		{D456B643-0E27-435E-9583-37DB70411404}.Release|Win32.Build.0 = Release|Win32
		{13A6F0C3-D8AA-4D44-818B-33849435276D}.Debug|Any CPU.ActiveCfg = Debug|Any CPU
		{13A6F0C3-D8AA-4D44-818B-33849435276D}.Debug|Any CPU.Build.0 = Debug|Any CPU
		{13A6F0C3-D8AA-4D44-818B-33849435276D}.Debug|Mixed Platforms.ActiveCfg = Debug|Any CPU
		{13A6F0C3-D8AA-4D44-818B-33849435276D}.Debug|Mixed Platforms.Build.0 = Debug|Any CPU
		{13A6F0C3-D8AA-4D44-818B-33849435276D}.Debug|Win32.ActiveCfg = Debug|Any CPU
		{13A6F0C3-D8AA-4D44-818B-33849435276D}.Release|Any CPU.ActiveCfg = Release|Any CPU
		{13A6F0C3-D8AA-4D44-818B-33849435276D}.Release|Any CPU.Build.0 = Release|Any CPU
		{13A6F0C3-D8AA-4D44-818B-33849435276D}.Release|Mixed Platforms.ActiveCfg = Release|Any CPU
		{13A6F0C3-D8AA-4D44-818B-33849435276D}.Release|Mixed Platforms.Build.0 = Release|Any CPU
		{13A6F0C3-D8AA-4D44-818B-33849435276D}.Release|Win32.ActiveCfg = Release|Any CPU
	EndGlobalSection
	GlobalSection(SolutionProperties) = preSolution
		HideSolutionNode = FALSE
	EndGlobalSection
	GlobalSection(NestedProjects) = preSolution
		{13A6F0C3-D8AA-4D44-818B-33849435276D} = {3AFD3A63-157C-43FC-8C45-1D5719025817}
	EndGlobalSection
EndGlobal
